// !$*UTF8*$!
{
	archiveVersion = 1;
	classes = {
	};
	objectVersion = 48;
	objects = {

/* Begin PBXBuildFile section */
		A40C8147201390C700B65677 /* AppDelegate.swift in Sources */ = {isa = PBXBuildFile; fileRef = A40C8146201390C700B65677 /* AppDelegate.swift */; };
		A40C814E201390C700B65677 /* Main.storyboard in Resources */ = {isa = PBXBuildFile; fileRef = A40C814C201390C700B65677 /* Main.storyboard */; };
		A40C8150201390C700B65677 /* Assets.xcassets in Resources */ = {isa = PBXBuildFile; fileRef = A40C814F201390C700B65677 /* Assets.xcassets */; };
		A40C8153201390C700B65677 /* LaunchScreen.storyboard in Resources */ = {isa = PBXBuildFile; fileRef = A40C8151201390C700B65677 /* LaunchScreen.storyboard */; };
		A40C815E201390C700B65677 /* Law_BuddyTests.swift in Sources */ = {isa = PBXBuildFile; fileRef = A40C815D201390C700B65677 /* Law_BuddyTests.swift */; };
		A40C8169201390C700B65677 /* Law_BuddyUITests.swift in Sources */ = {isa = PBXBuildFile; fileRef = A40C8168201390C700B65677 /* Law_BuddyUITests.swift */; };
		A40C81772013988A00B65677 /* View Controller.swift in Sources */ = {isa = PBXBuildFile; fileRef = A40C81762013988A00B65677 /* View Controller.swift */; };
/* End PBXBuildFile section */

/* Begin PBXContainerItemProxy section */
		A40C815A201390C700B65677 /* PBXContainerItemProxy */ = {
			isa = PBXContainerItemProxy;
			containerPortal = A40C813B201390C700B65677 /* Project object */;
			proxyType = 1;
			remoteGlobalIDString = A40C8142201390C700B65677;
			remoteInfo = "Law Buddy";
		};
		A40C8165201390C700B65677 /* PBXContainerItemProxy */ = {
			isa = PBXContainerItemProxy;
			containerPortal = A40C813B201390C700B65677 /* Project object */;
			proxyType = 1;
			remoteGlobalIDString = A40C8142201390C700B65677;
			remoteInfo = "Law Buddy";
		};
/* End PBXContainerItemProxy section */

/* Begin PBXFileReference section */
		A40C8143201390C700B65677 /* Law Buddy.app */ = {isa = PBXFileReference; explicitFileType = wrapper.application; includeInIndex = 0; path = "Law Buddy.app"; sourceTree = BUILT_PRODUCTS_DIR; };
		A40C8146201390C700B65677 /* AppDelegate.swift */ = {isa = PBXFileReference; lastKnownFileType = sourcecode.swift; path = AppDelegate.swift; sourceTree = "<group>"; };
		A40C814D201390C700B65677 /* Base */ = {isa = PBXFileReference; lastKnownFileType = file.storyboard; name = Base; path = Base.lproj/Main.storyboard; sourceTree = "<group>"; };
		A40C814F201390C700B65677 /* Assets.xcassets */ = {isa = PBXFileReference; lastKnownFileType = folder.assetcatalog; path = Assets.xcassets; sourceTree = "<group>"; };
		A40C8152201390C700B65677 /* Base */ = {isa = PBXFileReference; lastKnownFileType = file.storyboard; name = Base; path = Base.lproj/LaunchScreen.storyboard; sourceTree = "<group>"; };
		A40C8154201390C700B65677 /* Info.plist */ = {isa = PBXFileReference; lastKnownFileType = text.plist.xml; path = Info.plist; sourceTree = "<group>"; };
		A40C8159201390C700B65677 /* Law BuddyTests.xctest */ = {isa = PBXFileReference; explicitFileType = wrapper.cfbundle; includeInIndex = 0; path = "Law BuddyTests.xctest"; sourceTree = BUILT_PRODUCTS_DIR; };
		A40C815D201390C700B65677 /* Law_BuddyTests.swift */ = {isa = PBXFileReference; lastKnownFileType = sourcecode.swift; path = Law_BuddyTests.swift; sourceTree = "<group>"; };
		A40C815F201390C700B65677 /* Info.plist */ = {isa = PBXFileReference; lastKnownFileType = text.plist.xml; path = Info.plist; sourceTree = "<group>"; };
		A40C8164201390C700B65677 /* Law BuddyUITests.xctest */ = {isa = PBXFileReference; explicitFileType = wrapper.cfbundle; includeInIndex = 0; path = "Law BuddyUITests.xctest"; sourceTree = BUILT_PRODUCTS_DIR; };
		A40C8168201390C700B65677 /* Law_BuddyUITests.swift */ = {isa = PBXFileReference; lastKnownFileType = sourcecode.swift; path = Law_BuddyUITests.swift; sourceTree = "<group>"; };
		A40C816A201390C700B65677 /* Info.plist */ = {isa = PBXFileReference; lastKnownFileType = text.plist.xml; path = Info.plist; sourceTree = "<group>"; };
		A40C81762013988A00B65677 /* View Controller.swift */ = {isa = PBXFileReference; lastKnownFileType = sourcecode.swift; path = "View Controller.swift"; sourceTree = "<group>"; };
/* End PBXFileReference section */

/* Begin PBXFrameworksBuildPhase section */
		A40C8140201390C700B65677 /* Frameworks */ = {
			isa = PBXFrameworksBuildPhase;
			buildActionMask = 2147483647;
			files = (
			);
			runOnlyForDeploymentPostprocessing = 0;
		};
		A40C8156201390C700B65677 /* Frameworks */ = {
			isa = PBXFrameworksBuildPhase;
			buildActionMask = 2147483647;
			files = (
			);
			runOnlyForDeploymentPostprocessing = 0;
		};
		A40C8161201390C700B65677 /* Frameworks */ = {
			isa = PBXFrameworksBuildPhase;
			buildActionMask = 2147483647;
			files = (
			);
			runOnlyForDeploymentPostprocessing = 0;
		};
/* End PBXFrameworksBuildPhase section */

/* Begin PBXGroup section */
		A40C813A201390C700B65677 = {
			isa = PBXGroup;
			children = (
				A40C8145201390C700B65677 /* Law Buddy */,
				A40C815C201390C700B65677 /* Law BuddyTests */,
				A40C8167201390C700B65677 /* Law BuddyUITests */,
				A40C8144201390C700B65677 /* Products */,
			);
			sourceTree = "<group>";
		};
		A40C8144201390C700B65677 /* Products */ = {
			isa = PBXGroup;
			children = (
				A40C8143201390C700B65677 /* Law Buddy.app */,
				A40C8159201390C700B65677 /* Law BuddyTests.xctest */,
				A40C8164201390C700B65677 /* Law BuddyUITests.xctest */,
			);
			name = Products;
			sourceTree = "<group>";
		};
		A40C8145201390C700B65677 /* Law Buddy */ = {
			isa = PBXGroup;
			children = (
				A40C8146201390C700B65677 /* AppDelegate.swift */,
				A40C814C201390C700B65677 /* Main.storyboard */,
				A40C81762013988A00B65677 /* View Controller.swift */,
				A40C814F201390C700B65677 /* Assets.xcassets */,
				A40C8151201390C700B65677 /* LaunchScreen.storyboard */,
				A40C8154201390C700B65677 /* Info.plist */,
			);
			path = "Law Buddy";
			sourceTree = "<group>";
		};
		A40C815C201390C700B65677 /* Law BuddyTests */ = {
			isa = PBXGroup;
			children = (
				A40C815D201390C700B65677 /* Law_BuddyTests.swift */,
				A40C815F201390C700B65677 /* Info.plist */,
			);
			path = "Law BuddyTests";
			sourceTree = "<group>";
		};
		A40C8167201390C700B65677 /* Law BuddyUITests */ = {
			isa = PBXGroup;
			children = (
				A40C8168201390C700B65677 /* Law_BuddyUITests.swift */,
				A40C816A201390C700B65677 /* Info.plist */,
			);
			path = "Law BuddyUITests";
			sourceTree = "<group>";
		};
/* End PBXGroup section */

/* Begin PBXNativeTarget section */
		A40C8142201390C700B65677 /* Law Buddy */ = {
			isa = PBXNativeTarget;
			buildConfigurationList = A40C816D201390C700B65677 /* Build configuration list for PBXNativeTarget "Law Buddy" */;
			buildPhases = (
				A40C813F201390C700B65677 /* Sources */,
				A40C8140201390C700B65677 /* Frameworks */,
				A40C8141201390C700B65677 /* Resources */,
			);
			buildRules = (
			);
			dependencies = (
			);
			name = "Law Buddy";
			productName = "Law Buddy";
			productReference = A40C8143201390C700B65677 /* Law Buddy.app */;
			productType = "com.apple.product-type.application";
		};
		A40C8158201390C700B65677 /* Law BuddyTests */ = {
			isa = PBXNativeTarget;
			buildConfigurationList = A40C8170201390C700B65677 /* Build configuration list for PBXNativeTarget "Law BuddyTests" */;
			buildPhases = (
				A40C8155201390C700B65677 /* Sources */,
				A40C8156201390C700B65677 /* Frameworks */,
				A40C8157201390C700B65677 /* Resources */,
			);
			buildRules = (
			);
			dependencies = (
				A40C815B201390C700B65677 /* PBXTargetDependency */,
			);
			name = "Law BuddyTests";
			productName = "Law BuddyTests";
			productReference = A40C8159201390C700B65677 /* Law BuddyTests.xctest */;
			productType = "com.apple.product-type.bundle.unit-test";
		};
		A40C8163201390C700B65677 /* Law BuddyUITests */ = {
			isa = PBXNativeTarget;
			buildConfigurationList = A40C8173201390C700B65677 /* Build configuration list for PBXNativeTarget "Law BuddyUITests" */;
			buildPhases = (
				A40C8160201390C700B65677 /* Sources */,
				A40C8161201390C700B65677 /* Frameworks */,
				A40C8162201390C700B65677 /* Resources */,
			);
			buildRules = (
			);
			dependencies = (
				A40C8166201390C700B65677 /* PBXTargetDependency */,
			);
			name = "Law BuddyUITests";
			productName = "Law BuddyUITests";
			productReference = A40C8164201390C700B65677 /* Law BuddyUITests.xctest */;
			productType = "com.apple.product-type.bundle.ui-testing";
		};
/* End PBXNativeTarget section */

/* Begin PBXProject section */
		A40C813B201390C700B65677 /* Project object */ = {
			isa = PBXProject;
			attributes = {
				LastSwiftUpdateCheck = 0920;
				LastUpgradeCheck = 0920;
				ORGANIZATIONNAME = "Jacob Loukota";
				TargetAttributes = {
					A40C8142201390C700B65677 = {
						CreatedOnToolsVersion = 9.2;
						ProvisioningStyle = Automatic;
					};
					A40C8158201390C700B65677 = {
						CreatedOnToolsVersion = 9.2;
						ProvisioningStyle = Automatic;
						TestTargetID = A40C8142201390C700B65677;
					};
					A40C8163201390C700B65677 = {
						CreatedOnToolsVersion = 9.2;
						ProvisioningStyle = Automatic;
						TestTargetID = A40C8142201390C700B65677;
					};
				};
			};
			buildConfigurationList = A40C813E201390C700B65677 /* Build configuration list for PBXProject "Law Buddy" */;
			compatibilityVersion = "Xcode 8.0";
			developmentRegion = en;
			hasScannedForEncodings = 0;
			knownRegions = (
				en,
				Base,
			);
			mainGroup = A40C813A201390C700B65677;
			productRefGroup = A40C8144201390C700B65677 /* Products */;
			projectDirPath = "";
			projectRoot = "";
			targets = (
				A40C8142201390C700B65677 /* Law Buddy */,
				A40C8158201390C700B65677 /* Law BuddyTests */,
				A40C8163201390C700B65677 /* Law BuddyUITests */,
			);
		};
/* End PBXProject section */

/* Begin PBXResourcesBuildPhase section */
		A40C8141201390C700B65677 /* Resources */ = {
			isa = PBXResourcesBuildPhase;
			buildActionMask = 2147483647;
			files = (
				A40C8153201390C700B65677 /* LaunchScreen.storyboard in Resources */,
				A40C8150201390C700B65677 /* Assets.xcassets in Resources */,
				A40C814E201390C700B65677 /* Main.storyboard in Resources */,
			);
			runOnlyForDeploymentPostprocessing = 0;
		};
		A40C8157201390C700B65677 /* Resources */ = {
			isa = PBXResourcesBuildPhase;
			buildActionMask = 2147483647;
			files = (
			);
			runOnlyForDeploymentPostprocessing = 0;
		};
		A40C8162201390C700B65677 /* Resources */ = {
			isa = PBXResourcesBuildPhase;
			buildActionMask = 2147483647;
			files = (
			);
			runOnlyForDeploymentPostprocessing = 0;
		};
/* End PBXResourcesBuildPhase section */

/* Begin PBXSourcesBuildPhase section */
		A40C813F201390C700B65677 /* Sources */ = {
			isa = PBXSourcesBuildPhase;
			buildActionMask = 2147483647;
			files = (
				A40C8147201390C700B65677 /* AppDelegate.swift in Sources */,
				A40C81772013988A00B65677 /* View Controller.swift in Sources */,
			);
			runOnlyForDeploymentPostprocessing = 0;
		};
		A40C8155201390C700B65677 /* Sources */ = {
			isa = PBXSourcesBuildPhase;
			buildActionMask = 2147483647;
			files = (
				A40C815E201390C700B65677 /* Law_BuddyTests.swift in Sources */,
			);
			runOnlyForDeploymentPostprocessing = 0;
		};
		A40C8160201390C700B65677 /* Sources */ = {
			isa = PBXSourcesBuildPhase;
			buildActionMask = 2147483647;
			files = (
				A40C8169201390C700B65677 /* Law_BuddyUITests.swift in Sources */,
			);
			runOnlyForDeploymentPostprocessing = 0;
		};
/* End PBXSourcesBuildPhase section */

/* Begin PBXTargetDependency section */
		A40C815B201390C700B65677 /* PBXTargetDependency */ = {
			isa = PBXTargetDependency;
			target = A40C8142201390C700B65677 /* Law Buddy */;
			targetProxy = A40C815A201390C700B65677 /* PBXContainerItemProxy */;
		};
		A40C8166201390C700B65677 /* PBXTargetDependency */ = {
			isa = PBXTargetDependency;
			target = A40C8142201390C700B65677 /* Law Buddy */;
			targetProxy = A40C8165201390C700B65677 /* PBXContainerItemProxy */;
		};
/* End PBXTargetDependency section */

/* Begin PBXVariantGroup section */
		A40C814C201390C700B65677 /* Main.storyboard */ = {
			isa = PBXVariantGroup;
			children = (
				A40C814D201390C700B65677 /* Base */,
			);
			name = Main.storyboard;
			sourceTree = "<group>";
		};
		A40C8151201390C700B65677 /* LaunchScreen.storyboard */ = {
			isa = PBXVariantGroup;
			children = (
				A40C8152201390C700B65677 /* Base */,
			);
			name = LaunchScreen.storyboard;
			sourceTree = "<group>";
		};
/* End PBXVariantGroup section */

/* Begin XCBuildConfiguration section */
		A40C816B201390C700B65677 /* Debug */ = {
			isa = XCBuildConfiguration;
			buildSettings = {
				ALWAYS_SEARCH_USER_PATHS = NO;
				CLANG_ANALYZER_NONNULL = YES;
				CLANG_ANALYZER_NUMBER_OBJECT_CONVERSION = YES_AGGRESSIVE;
				CLANG_CXX_LANGUAGE_STANDARD = "gnu++14";
				CLANG_CXX_LIBRARY = "libc++";
				CLANG_ENABLE_MODULES = YES;
				CLANG_ENABLE_OBJC_ARC = YES;
				CLANG_WARN_BLOCK_CAPTURE_AUTORELEASING = YES;
				CLANG_WARN_BOOL_CONVERSION = YES;
				CLANG_WARN_COMMA = YES;
				CLANG_WARN_CONSTANT_CONVERSION = YES;
				CLANG_WARN_DIRECT_OBJC_ISA_USAGE = YES_ERROR;
				CLANG_WARN_DOCUMENTATION_COMMENTS = YES;
				CLANG_WARN_EMPTY_BODY = YES;
				CLANG_WARN_ENUM_CONVERSION = YES;
				CLANG_WARN_INFINITE_RECURSION = YES;
				CLANG_WARN_INT_CONVERSION = YES;
				CLANG_WARN_NON_LITERAL_NULL_CONVERSION = YES;
				CLANG_WARN_OBJC_LITERAL_CONVERSION = YES;
				CLANG_WARN_OBJC_ROOT_CLASS = YES_ERROR;
				CLANG_WARN_RANGE_LOOP_ANALYSIS = YES;
				CLANG_WARN_STRICT_PROTOTYPES = YES;
				CLANG_WARN_SUSPICIOUS_MOVE = YES;
				CLANG_WARN_UNGUARDED_AVAILABILITY = YES_AGGRESSIVE;
				CLANG_WARN_UNREACHABLE_CODE = YES;
				CLANG_WARN__DUPLICATE_METHOD_MATCH = YES;
				CODE_SIGN_IDENTITY = "iPhone Developer";
				COPY_PHASE_STRIP = NO;
				DEBUG_INFORMATION_FORMAT = dwarf;
				ENABLE_STRICT_OBJC_MSGSEND = YES;
				ENABLE_TESTABILITY = YES;
				GCC_C_LANGUAGE_STANDARD = gnu11;
				GCC_DYNAMIC_NO_PIC = NO;
				GCC_NO_COMMON_BLOCKS = YES;
				GCC_OPTIMIZATION_LEVEL = 0;
				GCC_PREPROCESSOR_DEFINITIONS = (
					"DEBUG=1",
					"$(inherited)",
				);
				GCC_WARN_64_TO_32_BIT_CONVERSION = YES;
				GCC_WARN_ABOUT_RETURN_TYPE = YES_ERROR;
				GCC_WARN_UNDECLARED_SELECTOR = YES;
				GCC_WARN_UNINITIALIZED_AUTOS = YES_AGGRESSIVE;
				GCC_WARN_UNUSED_FUNCTION = YES;
				GCC_WARN_UNUSED_VARIABLE = YES;
				IPHONEOS_DEPLOYMENT_TARGET = 11.2;
				MTL_ENABLE_DEBUG_INFO = YES;
				ONLY_ACTIVE_ARCH = YES;
				SDKROOT = iphoneos;
				SWIFT_ACTIVE_COMPILATION_CONDITIONS = DEBUG;
				SWIFT_OPTIMIZATION_LEVEL = "-Onone";
			};
			name = Debug;
		};
		A40C816C201390C700B65677 /* Release */ = {
			isa = XCBuildConfiguration;
			buildSettings = {
				ALWAYS_SEARCH_USER_PATHS = NO;
				CLANG_ANALYZER_NONNULL = YES;
				CLANG_ANALYZER_NUMBER_OBJECT_CONVERSION = YES_AGGRESSIVE;
				CLANG_CXX_LANGUAGE_STANDARD = "gnu++14";
				CLANG_CXX_LIBRARY = "libc++";
				CLANG_ENABLE_MODULES = YES;
				CLANG_ENABLE_OBJC_ARC = YES;
				CLANG_WARN_BLOCK_CAPTURE_AUTORELEASING = YES;
				CLANG_WARN_BOOL_CONVERSION = YES;
				CLANG_WARN_COMMA = YES;
				CLANG_WARN_CONSTANT_CONVERSION = YES;
				CLANG_WARN_DIRECT_OBJC_ISA_USAGE = YES_ERROR;
				CLANG_WARN_DOCUMENTATION_COMMENTS = YES;
				CLANG_WARN_EMPTY_BODY = YES;
				CLANG_WARN_ENUM_CONVERSION = YES;
				CLANG_WARN_INFINITE_RECURSION = YES;
				CLANG_WARN_INT_CONVERSION = YES;
				CLANG_WARN_NON_LITERAL_NULL_CONVERSION = YES;
				CLANG_WARN_OBJC_LITERAL_CONVERSION = YES;
				CLANG_WARN_OBJC_ROOT_CLASS = YES_ERROR;
				CLANG_WARN_RANGE_LOOP_ANALYSIS = YES;
				CLANG_WARN_STRICT_PROTOTYPES = YES;
				CLANG_WARN_SUSPICIOUS_MOVE = YES;
				CLANG_WARN_UNGUARDED_AVAILABILITY = YES_AGGRESSIVE;
				CLANG_WARN_UNREACHABLE_CODE = YES;
				CLANG_WARN__DUPLICATE_METHOD_MATCH = YES;
				CODE_SIGN_IDENTITY = "iPhone Developer";
				COPY_PHASE_STRIP = NO;
				DEBUG_INFORMATION_FORMAT = "dwarf-with-dsym";
				ENABLE_NS_ASSERTIONS = NO;
				ENABLE_STRICT_OBJC_MSGSEND = YES;
				GCC_C_LANGUAGE_STANDARD = gnu11;
				GCC_NO_COMMON_BLOCKS = YES;
				GCC_WARN_64_TO_32_BIT_CONVERSION = YES;
				GCC_WARN_ABOUT_RETURN_TYPE = YES_ERROR;
				GCC_WARN_UNDECLARED_SELECTOR = YES;
				GCC_WARN_UNINITIALIZED_AUTOS = YES_AGGRESSIVE;
				GCC_WARN_UNUSED_FUNCTION = YES;
				GCC_WARN_UNUSED_VARIABLE = YES;
				IPHONEOS_DEPLOYMENT_TARGET = 11.2;
				MTL_ENABLE_DEBUG_INFO = NO;
				SDKROOT = iphoneos;
				SWIFT_OPTIMIZATION_LEVEL = "-Owholemodule";
				VALIDATE_PRODUCT = YES;
			};
			name = Release;
		};
		A40C816E201390C700B65677 /* Debug */ = {
			isa = XCBuildConfiguration;
			buildSettings = {
				ASSETCATALOG_COMPILER_APPICON_NAME = AppIcon;
				CODE_SIGN_STYLE = Automatic;
				DEVELOPMENT_TEAM = ML89Z5TSJK;
				INFOPLIST_FILE = "Law Buddy/Info.plist";
				LD_RUNPATH_SEARCH_PATHS = "$(inherited) @executable_path/Frameworks";
				PRODUCT_BUNDLE_IDENTIFIER = "Buddyapps.Law-Buddy";
				PRODUCT_NAME = "$(TARGET_NAME)";
				SWIFT_VERSION = 4.0;
				TARGETED_DEVICE_FAMILY = "1,2";
			};
			name = Debug;
		};
		A40C816F201390C700B65677 /* Release */ = {
			isa = XCBuildConfiguration;
			buildSettings = {
				ASSETCATALOG_COMPILER_APPICON_NAME = AppIcon;
				CODE_SIGN_STYLE = Automatic;
				DEVELOPMENT_TEAM = ML89Z5TSJK;
				INFOPLIST_FILE = "Law Buddy/Info.plist";
				LD_RUNPATH_SEARCH_PATHS = "$(inherited) @executable_path/Frameworks";
				PRODUCT_BUNDLE_IDENTIFIER = "Buddyapps.Law-Buddy";
				PRODUCT_NAME = "$(TARGET_NAME)";
				SWIFT_VERSION = 4.0;
				TARGETED_DEVICE_FAMILY = "1,2";
			};
			name = Release;
		};
		A40C8171201390C700B65677 /* Debug */ = {
			isa = XCBuildConfiguration;
			buildSettings = {
				ALWAYS_EMBED_SWIFT_STANDARD_LIBRARIES = YES;
				BUNDLE_LOADER = "$(TEST_HOST)";
				CODE_SIGN_STYLE = Automatic;
				DEVELOPMENT_TEAM = ML89Z5TSJK;
				INFOPLIST_FILE = "Law BuddyTests/Info.plist";
				LD_RUNPATH_SEARCH_PATHS = "$(inherited) @executable_path/Frameworks @loader_path/Frameworks";
				PRODUCT_BUNDLE_IDENTIFIER = "Buddyapps.Law-BuddyTests";
				PRODUCT_NAME = "$(TARGET_NAME)";
				SWIFT_VERSION = 4.0;
				TARGETED_DEVICE_FAMILY = "1,2";
				TEST_HOST = "$(BUILT_PRODUCTS_DIR)/Law Buddy.app/Law Buddy";
			};
			name = Debug;
		};
		A40C8172201390C700B65677 /* Release */ = {
			isa = XCBuildConfiguration;
			buildSettings = {
				ALWAYS_EMBED_SWIFT_STANDARD_LIBRARIES = YES;
				BUNDLE_LOADER = "$(TEST_HOST)";
				CODE_SIGN_STYLE = Automatic;
				DEVELOPMENT_TEAM = ML89Z5TSJK;
				INFOPLIST_FILE = "Law BuddyTests/Info.plist";
				LD_RUNPATH_SEARCH_PATHS = "$(inherited) @executable_path/Frameworks @loader_path/Frameworks";
				PRODUCT_BUNDLE_IDENTIFIER = "Buddyapps.Law-BuddyTests";
				PRODUCT_NAME = "$(TARGET_NAME)";
				SWIFT_VERSION = 4.0;
				TARGETED_DEVICE_FAMILY = "1,2";
				TEST_HOST = "$(BUILT_PRODUCTS_DIR)/Law Buddy.app/Law Buddy";
			};
			name = Release;
		};
		A40C8174201390C700B65677 /* Debug */ = {
			isa = XCBuildConfiguration;
			buildSettings = {
				ALWAYS_EMBED_SWIFT_STANDARD_LIBRARIES = YES;
				CODE_SIGN_STYLE = Automatic;
				DEVELOPMENT_TEAM = ML89Z5TSJK;
				INFOPLIST_FILE = "Law BuddyUITests/Info.plist";
				LD_RUNPATH_SEARCH_PATHS = "$(inherited) @executable_path/Frameworks @loader_path/Frameworks";
				PRODUCT_BUNDLE_IDENTIFIER = "Buddyapps.Law-BuddyUITests";
				PRODUCT_NAME = "$(TARGET_NAME)";
				SWIFT_VERSION = 4.0;
				TARGETED_DEVICE_FAMILY = "1,2";
				TEST_TARGET_NAME = "Law Buddy";
			};
			name = Debug;
		};
		A40C8175201390C700B65677 /* Release */ = {
			isa = XCBuildConfiguration;
			buildSettings = {
				ALWAYS_EMBED_SWIFT_STANDARD_LIBRARIES = YES;
				CODE_SIGN_STYLE = Automatic;
				DEVELOPMENT_TEAM = ML89Z5TSJK;
				INFOPLIST_FILE = "Law BuddyUITests/Info.plist";
				LD_RUNPATH_SEARCH_PATHS = "$(inherited) @executable_path/Frameworks @loader_path/Frameworks";
				PRODUCT_BUNDLE_IDENTIFIER = "Buddyapps.Law-BuddyUITests";
				PRODUCT_NAME = "$(TARGET_NAME)";
				SWIFT_VERSION = 4.0;
				TARGETED_DEVICE_FAMILY = "1,2";
				TEST_TARGET_NAME = "Law Buddy";
			};
			name = Release;
		};
/* End XCBuildConfiguration section */

/* Begin XCConfigurationList section */
		A40C813E201390C700B65677 /* Build configuration list for PBXProject "Law Buddy" */ = {
			isa = XCConfigurationList;
			buildConfigurations = (
				A40C816B201390C700B65677 /* Debug */,
				A40C816C201390C700B65677 /* Release */,
			);
			defaultConfigurationIsVisible = 0;
			defaultConfigurationName = Release;
		};
		A40C816D201390C700B65677 /* Build configuration list for PBXNativeTarget "Law Buddy" */ = {
			isa = XCConfigurationList;
			buildConfigurations = (
				A40C816E201390C700B65677 /* Debug */,
				A40C816F201390C700B65677 /* Release */,
			);
			defaultConfigurationIsVisible = 0;
			defaultConfigurationName = Release;
		};
		A40C8170201390C700B65677 /* Build configuration list for PBXNativeTarget "Law BuddyTests" */ = {
			isa = XCConfigurationList;
			buildConfigurations = (
				A40C8171201390C700B65677 /* Debug */,
				A40C8172201390C700B65677 /* Release */,
			);
			defaultConfigurationIsVisible = 0;
			defaultConfigurationName = Release;
		};
		A40C8173201390C700B65677 /* Build configuration list for PBXNativeTarget "Law BuddyUITests" */ = {
			isa = XCConfigurationList;
			buildConfigurations = (
				A40C8174201390C700B65677 /* Debug */,
				A40C8175201390C700B65677 /* Release */,
			);
			defaultConfigurationIsVisible = 0;
			defaultConfigurationName = Release;
		};
/* End XCConfigurationList section */
	};
	rootObject = A40C813B201390C700B65677 /* Project object */;
}
